
Microsoft Visual Studio Solution File, Format Version 12.00
# Visual Studio Version 16
VisualStudioVersion = 16.0.31729.503
MinimumVisualStudioVersion = 10.0.40219.1
Project("{FAE04EC0-301F-11D3-BF4B-00C04F79EFBC}") = "Praktikum Week 13", "Praktikum Week 13.csproj", "{081876D8-EA3B-4F59-B746-CB5FD25B92CD}"
EndProject
Global
	GlobalSection(SolutionConfigurationPlatforms) = preSolution
		Debug|Any CPU = Debug|Any CPU
		Release|Any CPU = Release|Any CPU
	EndGlobalSection
	GlobalSection(ProjectConfigurationPlatforms) = postSolution
		{081876D8-EA3B-4F59-B746-CB5FD25B92CD}.Debug|Any CPU.ActiveCfg = Debug|Any CPU
		{081876D8-EA3B-4F59-B746-CB5FD25B92CD}.Debug|Any CPU.Build.0 = Debug|Any CPU
		{081876D8-EA3B-4F59-B746-CB5FD25B92CD}.Release|Any CPU.ActiveCfg = Release|Any CPU
		{081876D8-EA3B-4F59-B746-CB5FD25B92CD}.Release|Any CPU.Build.0 = Release|Any CPU
	EndGlobalSection
	GlobalSection(SolutionProperties) = preSolution
		HideSolutionNode = FALSE
	EndGlobalSection
	GlobalSection(ExtensibilityGlobals) = postSolution
		SolutionGuid = {75408BBE-BC61-4F70-8930-A0B5864B8D01}
	EndGlobalSection
EndGlobal
